Microsoft Visual Studio Solution File, Format Version 12.00
# Visual Studio Version 17
VisualStudioVersion = 17.5.2.0
MinimumVisualStudioVersion = 10.0.40219.1
Project("{FAE04EC0-301F-11D3-BF4B-00C04F79EFBC}") = "contosoPets", "contosoPets\contosoPets.csproj", "{5F906E2B-4C6C-8748-8FFA-CB998223782D}"
EndProject
Global
	GlobalSection(SolutionConfigurationPlatforms) = preSolution
		Debug|Any CPU = Debug|Any CPU
		Release|Any CPU = Release|Any CPU
	EndGlobalSection
	GlobalSection(ProjectConfigurationPlatforms) = postSolution
		{5F906E2B-4C6C-8748-8FFA-CB998223782D}.Debug|Any CPU.ActiveCfg = Debug|Any CPU
		{5F906E2B-4C6C-8748-8FFA-CB998223782D}.Debug|Any CPU.Build.0 = Debug|Any CPU
		{5F906E2B-4C6C-8748-8FFA-CB998223782D}.Release|Any CPU.ActiveCfg = Release|Any CPU
		{5F906E2B-4C6C-8748-8FFA-CB998223782D}.Release|Any CPU.Build.0 = Release|Any CPU
	EndGlobalSection
	GlobalSection(SolutionProperties) = preSolution
		HideSolutionNode = FALSE
	EndGlobalSection
	GlobalSection(ExtensibilityGlobals) = postSolution
		SolutionGuid = {31D2EEC8-58ED-444B-A5EF-CFC213E5EF84}
	EndGlobalSection
EndGlobal
